
Microsoft Visual Studio Solution File, Format Version 12.00
# Visual Studio Version 17
VisualStudioVersion = 17.5.33530.505
MinimumVisualStudioVersion = 10.0.40219.1
Project("{9A19103F-16F7-4668-BE54-9A1E7A4F7556}") = "GameDB_recode", "GameDB_recode\GameDB_recode.csproj", "{66822321-E1B3-4440-92F5-4911840930E6}"
EndProject
Project("{2150E333-8FDC-42A3-9474-1A3956D46DE8}") = "Solution Items", "Solution Items", "{0B54A9A6-B590-4397-A5CC-8C287DA2A83A}"
EndProject
Global
	GlobalSection(SolutionConfigurationPlatforms) = preSolution
		Debug|Any CPU = Debug|Any CPU
		Release|Any CPU = Release|Any CPU
	EndGlobalSection
	GlobalSection(ProjectConfigurationPlatforms) = postSolution
		{66822321-E1B3-4440-92F5-4911840930E6}.Debug|Any CPU.ActiveCfg = Debug|Any CPU
		{66822321-E1B3-4440-92F5-4911840930E6}.Debug|Any CPU.Build.0 = Debug|Any CPU
		{66822321-E1B3-4440-92F5-4911840930E6}.Release|Any CPU.ActiveCfg = Release|Any CPU
		{66822321-E1B3-4440-92F5-4911840930E6}.Release|Any CPU.Build.0 = Release|Any CPU
	EndGlobalSection
	GlobalSection(SolutionProperties) = preSolution
		HideSolutionNode = FALSE
	EndGlobalSection
	GlobalSection(ExtensibilityGlobals) = postSolution
		SolutionGuid = {FE9BB420-4BFA-4974-8AD5-4B20DAB33800}
	EndGlobalSection
EndGlobal
